
Microsoft Visual Studio Solution File, Format Version 12.00
# Visual Studio Version 17
VisualStudioVersion = 17.14.36221.1
MinimumVisualStudioVersion = 10.0.40219.1
Project("{FAE04EC0-301F-11D3-BF4B-00C04F79EFBC}") = "Q10Enrollment", "Q10Enrollment\Q10Enrollment.csproj", "{920090C2-5EF0-4CB3-BB6C-27BA05826FA4}"
EndProject
Project("{FAE04EC0-301F-11D3-BF4B-00C04F79EFBC}") = "Domain", "Domain\Domain.csproj", "{0DFCE7D0-21F4-453B-A704-2015C6348C6C}"
EndProject
Project("{FAE04EC0-301F-11D3-BF4B-00C04F79EFBC}") = "Infrastructure", "Infrastructure\Infrastructure.csproj", "{48F79820-790D-4FD8-A90E-3A76DC96D1AE}"
EndProject
Project("{FAE04EC0-301F-11D3-BF4B-00C04F79EFBC}") = "Application", "Application\Application.csproj", "{D9B1EAFF-151C-49E2-A89D-7C90005140FF}"
EndProject
Project("{FAE04EC0-301F-11D3-BF4B-00C04F79EFBC}") = "Test", "Test\Test.csproj", "{8920B641-3F2A-485E-899B-42D4E61EE1E3}"
EndProject
Global
	GlobalSection(SolutionConfigurationPlatforms) = preSolution
		Debug|Any CPU = Debug|Any CPU
		Release|Any CPU = Release|Any CPU
	EndGlobalSection
	GlobalSection(ProjectConfigurationPlatforms) = postSolution
		{920090C2-5EF0-4CB3-BB6C-27BA05826FA4}.Debug|Any CPU.ActiveCfg = Debug|Any CPU
		{920090C2-5EF0-4CB3-BB6C-27BA05826FA4}.Debug|Any CPU.Build.0 = Debug|Any CPU
		{920090C2-5EF0-4CB3-BB6C-27BA05826FA4}.Release|Any CPU.ActiveCfg = Release|Any CPU
		{920090C2-5EF0-4CB3-BB6C-27BA05826FA4}.Release|Any CPU.Build.0 = Release|Any CPU
		{0DFCE7D0-21F4-453B-A704-2015C6348C6C}.Debug|Any CPU.ActiveCfg = Debug|Any CPU
		{0DFCE7D0-21F4-453B-A704-2015C6348C6C}.Debug|Any CPU.Build.0 = Debug|Any CPU
		{0DFCE7D0-21F4-453B-A704-2015C6348C6C}.Release|Any CPU.ActiveCfg = Release|Any CPU
		{0DFCE7D0-21F4-453B-A704-2015C6348C6C}.Release|Any CPU.Build.0 = Release|Any CPU
		{48F79820-790D-4FD8-A90E-3A76DC96D1AE}.Debug|Any CPU.ActiveCfg = Debug|Any CPU
		{48F79820-790D-4FD8-A90E-3A76DC96D1AE}.Debug|Any CPU.Build.0 = Debug|Any CPU
		{48F79820-790D-4FD8-A90E-3A76DC96D1AE}.Release|Any CPU.ActiveCfg = Release|Any CPU
		{48F79820-790D-4FD8-A90E-3A76DC96D1AE}.Release|Any CPU.Build.0 = Release|Any CPU
		{D9B1EAFF-151C-49E2-A89D-7C90005140FF}.Debug|Any CPU.ActiveCfg = Debug|Any CPU
		{D9B1EAFF-151C-49E2-A89D-7C90005140FF}.Debug|Any CPU.Build.0 = Debug|Any CPU
		{D9B1EAFF-151C-49E2-A89D-7C90005140FF}.Release|Any CPU.ActiveCfg = Release|Any CPU
		{D9B1EAFF-151C-49E2-A89D-7C90005140FF}.Release|Any CPU.Build.0 = Release|Any CPU
		{8920B641-3F2A-485E-899B-42D4E61EE1E3}.Debug|Any CPU.ActiveCfg = Debug|Any CPU
		{8920B641-3F2A-485E-899B-42D4E61EE1E3}.Debug|Any CPU.Build.0 = Debug|Any CPU
		{8920B641-3F2A-485E-899B-42D4E61EE1E3}.Release|Any CPU.ActiveCfg = Release|Any CPU
		{8920B641-3F2A-485E-899B-42D4E61EE1E3}.Release|Any CPU.Build.0 = Release|Any CPU
	EndGlobalSection
	GlobalSection(SolutionProperties) = preSolution
		HideSolutionNode = FALSE
	EndGlobalSection
	GlobalSection(ExtensibilityGlobals) = postSolution
		SolutionGuid = {0FBB28C6-2F89-4B49-8BCF-9DEB520CA64C}
	EndGlobalSection
EndGlobal
